{
  "nodes": {
    "nixpkgs": {
      "locked": {
        "lastModified": 1783961503,
        "narHash": "sha256-w2mhNul1naH3kbPjnMs/rvVA0gFHeCUs8NzmFrA+LUA=",
        "owner": "NixOS",
        "repo": "nixpkgs",
        "rev": "8431ff8a526bba781b711db7ae58ad0e49c38e35",
        "type": "github"
      },
      "original": {
        "owner": "NixOS",
        "ref": "nixpkgs-unstable",
        "repo": "nixpkgs",
        "type": "github"
      }
    },
    "root": {
      "inputs": {
        "nixpkgs": "nixpkgs"
      }
    }
  },
  "root": "root",
  "version": 7
}
